
Microsoft Visual Studio Solution File, Format Version 12.00
# Visual Studio Version 16
VisualStudioVersion = 16.0.30611.23
MinimumVisualStudioVersion = 10.0.40219.1
Project("{FAE04EC0-301F-11D3-BF4B-00C04F79EFBC}") = "LP Parameters", "LP Parameters\LP Parameters.csproj", "{36FF0A24-F2B8-4D25-B74A-6368C9174BD8}"
EndProject
Global
	GlobalSection(SolutionConfigurationPlatforms) = preSolution
		Debug|Any CPU = Debug|Any CPU
		Release|Any CPU = Release|Any CPU
	EndGlobalSection
	GlobalSection(ProjectConfigurationPlatforms) = postSolution
		{36FF0A24-F2B8-4D25-B74A-6368C9174BD8}.Debug|Any CPU.ActiveCfg = Debug|Any CPU
		{36FF0A24-F2B8-4D25-B74A-6368C9174BD8}.Debug|Any CPU.Build.0 = Debug|Any CPU
		{36FF0A24-F2B8-4D25-B74A-6368C9174BD8}.Release|Any CPU.ActiveCfg = Release|Any CPU
		{36FF0A24-F2B8-4D25-B74A-6368C9174BD8}.Release|Any CPU.Build.0 = Release|Any CPU
	EndGlobalSection
	GlobalSection(SolutionProperties) = preSolution
		HideSolutionNode = FALSE
	EndGlobalSection
	GlobalSection(ExtensibilityGlobals) = postSolution
		SolutionGuid = {76A16058-F74E-4EB5-B68D-0AF641A843EB}
	EndGlobalSection
EndGlobal
